
Microsoft Visual Studio Solution File, Format Version 12.00
# Visual Studio Version 17
VisualStudioVersion = 17.12.35527.113 d17.12
MinimumVisualStudioVersion = 10.0.40219.1
Project("{FAE04EC0-301F-11D3-BF4B-00C04F79EFBC}") = "ConsoleApp1", "ConsoleApp1\ConsoleApp1.csproj", "{C9B42F79-3601-456D-85DE-64A30AF2DE1A}"
EndProject
Global
	GlobalSection(SolutionConfigurationPlatforms) = preSolution
		Debug|Any CPU = Debug|Any CPU
		Release|Any CPU = Release|Any CPU
	EndGlobalSection
	GlobalSection(ProjectConfigurationPlatforms) = postSolution
		{C9B42F79-3601-456D-85DE-64A30AF2DE1A}.Debug|Any CPU.ActiveCfg = Debug|Any CPU
		{C9B42F79-3601-456D-85DE-64A30AF2DE1A}.Debug|Any CPU.Build.0 = Debug|Any CPU
		{C9B42F79-3601-456D-85DE-64A30AF2DE1A}.Release|Any CPU.ActiveCfg = Release|Any CPU
		{C9B42F79-3601-456D-85DE-64A30AF2DE1A}.Release|Any CPU.Build.0 = Release|Any CPU
	EndGlobalSection
	GlobalSection(SolutionProperties) = preSolution
		HideSolutionNode = FALSE
	EndGlobalSection
EndGlobal
