
Microsoft Visual Studio Solution File, Format Version 12.00
# Visual Studio Version 17
VisualStudioVersion = 17.12.35527.113 d17.12
MinimumVisualStudioVersion = 10.0.40219.1
Project("{FAE04EC0-301F-11D3-BF4B-00C04F79EFBC}") = "Semester project", "Semester project\Semester project.csproj", "{EEB7795C-7684-4DC7-95B2-CF273C9B5FBB}"
EndProject
Global
	GlobalSection(SolutionConfigurationPlatforms) = preSolution
		Debug|Any CPU = Debug|Any CPU
		Release|Any CPU = Release|Any CPU
	EndGlobalSection
	GlobalSection(ProjectConfigurationPlatforms) = postSolution
		{EEB7795C-7684-4DC7-95B2-CF273C9B5FBB}.Debug|Any CPU.ActiveCfg = Debug|Any CPU
		{EEB7795C-7684-4DC7-95B2-CF273C9B5FBB}.Debug|Any CPU.Build.0 = Debug|Any CPU
		{EEB7795C-7684-4DC7-95B2-CF273C9B5FBB}.Release|Any CPU.ActiveCfg = Release|Any CPU
		{EEB7795C-7684-4DC7-95B2-CF273C9B5FBB}.Release|Any CPU.Build.0 = Release|Any CPU
	EndGlobalSection
	GlobalSection(SolutionProperties) = preSolution
		HideSolutionNode = FALSE
	EndGlobalSection
EndGlobal
